github.com/Mzack9999/go-http-digest-auth-client v0.6.1-0.20220414142836-eb8883508809 h1:ZbFL+BDfBqegi+/Ssh7im5+aQfBRx6it+kHnC7jaDU8=
github.com/Mzack9999/go-http-digest-auth-client v0.6.1-0.20220414142836-eb8883508809/go.mod h1:upgc3Zs45jBDnBT4tVRgRcgm26ABpaP7MoTSdgysca4=
github.com/davecgh/go-spew v1.1.1 h1:vj9j/u1bqnvCEfJOwUhtlOARqs3+rkHYY13jYWTU97c=
github.com/pmezard/go-difflib v1.0.0 h1:4DBwDE0NGyQoBHbLQYPwSUPoCMWR5BEzIk/f1lZbAQM=
github.com/projectdiscovery/utils v0.0.4-0.20221201124851-f8524345b6d3 h1:sOvfN3xHLiBMb6GJ3yDxBmPnN0dh3xllaQXQYo7CFUo=
github.com/projectdiscovery/utils v0.0.4-0.20221201124851-f8524345b6d3/go.mod h1:PCwA5YuCYWPgHaGiZmr53/SA9iGQmAnw7DSHuhr8VPQ=
github.com/stretchr/testify v1.8.1 h1:w7B6lhMri9wdJUVmEZPGGhZzrYTPvgJArz7wNPgYKsk=
golang.org/x/net v0.1.0 h1:hZ/3BUoy5aId7sCpA/Tc5lt8DkFgdVS2onTpJsZ/fl0=
golang.org/x/net v0.1.0/go.mod h1:Cx3nUiGt4eDBEyega/BKRp+/AlGL8hYe7U9odMt2Cco=
golang.org/x/text v0.4.0 h1:BrVqGRd7+k1DiOgtnFvAkoQEWQvBc25ouMJM6429SFg=
golang.org/x/text v0.4.0/go.mod h1:mrYo+phRRbMaCq/xk9113O4dZlRixOauAjOtrjsXDZ8=
gopkg.in/yaml.v3 v3.0.1 h1:fxVm/GzAzEWqLHuvctI91KS9hhNmmWOoWu0XTYJS7CA=
